
Microsoft Visual Studio Solution File, Format Version 12.00
# Visual Studio Version 16
VisualStudioVersion = 16.0.30907.101
MinimumVisualStudioVersion = 10.0.40219.1
Project("{FAE04EC0-301F-11D3-BF4B-00C04F79EFBC}") = "Rocky", "Rocky.csproj", "{7D83675C-BE58-4C06-8B34-802648E7A08F}"
EndProject
Global
	GlobalSection(SolutionConfigurationPlatforms) = preSolution
		Debug|Any CPU = Debug|Any CPU
		Release|Any CPU = Release|Any CPU
	EndGlobalSection
	GlobalSection(ProjectConfigurationPlatforms) = postSolution
		{7D83675C-BE58-4C06-8B34-802648E7A08F}.Debug|Any CPU.ActiveCfg = Debug|Any CPU
		{7D83675C-BE58-4C06-8B34-802648E7A08F}.Debug|Any CPU.Build.0 = Debug|Any CPU
		{7D83675C-BE58-4C06-8B34-802648E7A08F}.Release|Any CPU.ActiveCfg = Release|Any CPU
		{7D83675C-BE58-4C06-8B34-802648E7A08F}.Release|Any CPU.Build.0 = Release|Any CPU
	EndGlobalSection
	GlobalSection(SolutionProperties) = preSolution
		HideSolutionNode = FALSE
	EndGlobalSection
	GlobalSection(ExtensibilityGlobals) = postSolution
		SolutionGuid = {C286E6B8-ABA3-478A-9EDB-5AF0C2E68645}
	EndGlobalSection
EndGlobal
